# THIS IS AN AUTOGENERATED FILE. DO NOT EDIT THIS FILE DIRECTLY.
# yarn lockfile v1


"@ecl/ecl-webcomponents@^0.9.0":
  version "0.9.0"
  resolved "https://registry.yarnpkg.com/@ecl/ecl-webcomponents/-/ecl-webcomponents-0.9.0.tgz#24450d809964da0ba4f393b2181343ae13d77c86"
  integrity sha512-hMygBopN7li7aNbHzfSxNLHUwqgDny5t1dM9MGkI3zhiExGDRaZEG/2tqF0t8iRsBLWg1dtX131leX6IMhSatQ==
  dependencies:
    "@stencil/core" "4.0.2"

"@stencil/core@4.0.2":
  version "4.0.2"
  resolved "https://registry.yarnpkg.com/@stencil/core/-/core-4.0.2.tgz#2c2ede3c223c66f63456f62bef0d6fad0b5cecd2"
  integrity sha512-1AnLpHAQDHB+DbM8VpuZikMMmIAtLrkYHMBm+pXKj+EPQqsTcyiZ3a7MAqajdM0WlOXb9rfTZT4aYbPwvItEJw==
